// !$*UTF8*$!
{
	archiveVersion = 1;
	classes = {
	};
	objectVersion = 52;
	objects = {

/* Begin PBXBuildFile section */
		65BE9ED5255FDD5400E7E137 /* StatisticsView.swift in Sources */ = {isa = PBXBuildFile; fileRef = 65BE9ED4255FDD5400E7E137 /* StatisticsView.swift */; };
		65BE9ED9255FDDB200E7E137 /* DrinksView.swift in Sources */ = {isa = PBXBuildFile; fileRef = 65BE9ED8255FDDB200E7E137 /* DrinksView.swift */; };
		65BE9EDC255FE48900E7E137 /* ParametersView.swift in Sources */ = {isa = PBXBuildFile; fileRef = 65BE9EDB255FE48900E7E137 /* ParametersView.swift */; };
		65BE9EDF255FE49B00E7E137 /* SettingsView.swift in Sources */ = {isa = PBXBuildFile; fileRef = 65BE9EDE255FE49B00E7E137 /* SettingsView.swift */; };
		65BE9EE3255FE7E300E7E137 /* ComposableArchitecture in Frameworks */ = {isa = PBXBuildFile; productRef = 65BE9EE2255FE7E300E7E137 /* ComposableArchitecture */; };
		65C0E93A255F2CD3009283B3 /* WateryApp.swift in Sources */ = {isa = PBXBuildFile; fileRef = 65C0E939255F2CD3009283B3 /* WateryApp.swift */; };
		65C0E93C255F2CD3009283B3 /* ContentView.swift in Sources */ = {isa = PBXBuildFile; fileRef = 65C0E93B255F2CD3009283B3 /* ContentView.swift */; };
		65C0E93E255F2CD5009283B3 /* Assets.xcassets in Resources */ = {isa = PBXBuildFile; fileRef = 65C0E93D255F2CD5009283B3 /* Assets.xcassets */; };
		65C0E941255F2CD5009283B3 /* Preview Assets.xcassets in Resources */ = {isa = PBXBuildFile; fileRef = 65C0E940255F2CD5009283B3 /* Preview Assets.xcassets */; };
/* End PBXBuildFile section */

/* Begin PBXFileReference section */
		65BE9ED4255FDD5400E7E137 /* StatisticsView.swift */ = {isa = PBXFileReference; lastKnownFileType = sourcecode.swift; path = StatisticsView.swift; sourceTree = "<group>"; };
		65BE9ED8255FDDB200E7E137 /* DrinksView.swift */ = {isa = PBXFileReference; lastKnownFileType = sourcecode.swift; path = DrinksView.swift; sourceTree = "<group>"; };
		65BE9EDB255FE48900E7E137 /* ParametersView.swift */ = {isa = PBXFileReference; lastKnownFileType = sourcecode.swift; path = ParametersView.swift; sourceTree = "<group>"; };
		65BE9EDE255FE49B00E7E137 /* SettingsView.swift */ = {isa = PBXFileReference; lastKnownFileType = sourcecode.swift; path = SettingsView.swift; sourceTree = "<group>"; };
		65C0E936255F2CD3009283B3 /* Watery.app */ = {isa = PBXFileReference; explicitFileType = wrapper.application; includeInIndex = 0; path = Watery.app; sourceTree = BUILT_PRODUCTS_DIR; };
		65C0E939255F2CD3009283B3 /* WateryApp.swift */ = {isa = PBXFileReference; lastKnownFileType = sourcecode.swift; path = WateryApp.swift; sourceTree = "<group>"; };
		65C0E93B255F2CD3009283B3 /* ContentView.swift */ = {isa = PBXFileReference; lastKnownFileType = sourcecode.swift; path = ContentView.swift; sourceTree = "<group>"; };
		65C0E93D255F2CD5009283B3 /* Assets.xcassets */ = {isa = PBXFileReference; lastKnownFileType = folder.assetcatalog; path = Assets.xcassets; sourceTree = "<group>"; };
		65C0E940255F2CD5009283B3 /* Preview Assets.xcassets */ = {isa = PBXFileReference; lastKnownFileType = folder.assetcatalog; path = "Preview Assets.xcassets"; sourceTree = "<group>"; };
		65C0E942255F2CD5009283B3 /* Info.plist */ = {isa = PBXFileReference; lastKnownFileType = text.plist.xml; path = Info.plist; sourceTree = "<group>"; };
/* End PBXFileReference section */

/* Begin PBXFrameworksBuildPhase section */
		65C0E933255F2CD3009283B3 /* Frameworks */ = {
			isa = PBXFrameworksBuildPhase;
			buildActionMask = 2147483647;
			files = (
				65BE9EE3255FE7E300E7E137 /* ComposableArchitecture in Frameworks */,
			);
			runOnlyForDeploymentPostprocessing = 0;
		};
/* End PBXFrameworksBuildPhase section */

/* Begin PBXGroup section */
		65C0E92D255F2CD3009283B3 = {
			isa = PBXGroup;
			children = (
				65C0E938255F2CD3009283B3 /* Watery */,
				65C0E937255F2CD3009283B3 /* Products */,
			);
			sourceTree = "<group>";
		};
		65C0E937255F2CD3009283B3 /* Products */ = {
			isa = PBXGroup;
			children = (
				65C0E936255F2CD3009283B3 /* Watery.app */,
			);
			name = Products;
			sourceTree = "<group>";
		};
		65C0E938255F2CD3009283B3 /* Watery */ = {
			isa = PBXGroup;
			children = (
				65C0E939255F2CD3009283B3 /* WateryApp.swift */,
				65C0E93B255F2CD3009283B3 /* ContentView.swift */,
				65BE9ED4255FDD5400E7E137 /* StatisticsView.swift */,
				65BE9ED8255FDDB200E7E137 /* DrinksView.swift */,
				65BE9EDB255FE48900E7E137 /* ParametersView.swift */,
				65BE9EDE255FE49B00E7E137 /* SettingsView.swift */,
				65C0E93D255F2CD5009283B3 /* Assets.xcassets */,
				65C0E942255F2CD5009283B3 /* Info.plist */,
				65C0E93F255F2CD5009283B3 /* Preview Content */,
			);
			path = Watery;
			sourceTree = "<group>";
		};
		65C0E93F255F2CD5009283B3 /* Preview Content */ = {
			isa = PBXGroup;
			children = (
				65C0E940255F2CD5009283B3 /* Preview Assets.xcassets */,
			);
			path = "Preview Content";
			sourceTree = "<group>";
		};
/* End PBXGroup section */

/* Begin PBXNativeTarget section */
		65C0E935255F2CD3009283B3 /* Watery */ = {
			isa = PBXNativeTarget;
			buildConfigurationList = 65C0E945255F2CD5009283B3 /* Build configuration list for PBXNativeTarget "Watery" */;
			buildPhases = (
				65C0E932255F2CD3009283B3 /* Sources */,
				65C0E933255F2CD3009283B3 /* Frameworks */,
				65C0E934255F2CD3009283B3 /* Resources */,
			);
			buildRules = (
			);
			dependencies = (
			);
			name = Watery;
			packageProductDependencies = (
				65BE9EE2255FE7E300E7E137 /* ComposableArchitecture */,
			);
			productName = Watery;
			productReference = 65C0E936255F2CD3009283B3 /* Watery.app */;
			productType = "com.apple.product-type.application";
		};
/* End PBXNativeTarget section */

/* Begin PBXProject section */
		65C0E92E255F2CD3009283B3 /* Project object */ = {
			isa = PBXProject;
			attributes = {
				LastSwiftUpdateCheck = 1220;
				LastUpgradeCheck = 1220;
				TargetAttributes = {
					65C0E935255F2CD3009283B3 = {
						CreatedOnToolsVersion = 12.2;
					};
				};
			};
			buildConfigurationList = 65C0E931255F2CD3009283B3 /* Build configuration list for PBXProject "Watery" */;
			compatibilityVersion = "Xcode 9.3";
			developmentRegion = en;
			hasScannedForEncodings = 0;
			knownRegions = (
				en,
				Base,
			);
			mainGroup = 65C0E92D255F2CD3009283B3;
			packageReferences = (
				65BE9EE1255FE7E300E7E137 /* XCRemoteSwiftPackageReference "swift-composable-architecture" */,
			);
			productRefGroup = 65C0E937255F2CD3009283B3 /* Products */;
			projectDirPath = "";
			projectRoot = "";
			targets = (
				65C0E935255F2CD3009283B3 /* Watery */,
			);
		};
/* End PBXProject section */

/* Begin PBXResourcesBuildPhase section */
		65C0E934255F2CD3009283B3 /* Resources */ = {
			isa = PBXResourcesBuildPhase;
			buildActionMask = 2147483647;
			files = (
				65C0E941255F2CD5009283B3 /* Preview Assets.xcassets in Resources */,
				65C0E93E255F2CD5009283B3 /* Assets.xcassets in Resources */,
			);
			runOnlyForDeploymentPostprocessing = 0;
		};
/* End PBXResourcesBuildPhase section */

/* Begin PBXSourcesBuildPhase section */
		65C0E932255F2CD3009283B3 /* Sources */ = {
			isa = PBXSourcesBuildPhase;
			buildActionMask = 2147483647;
			files = (
				65BE9EDF255FE49B00E7E137 /* SettingsView.swift in Sources */,
				65BE9ED9255FDDB200E7E137 /* DrinksView.swift in Sources */,
				65C0E93C255F2CD3009283B3 /* ContentView.swift in Sources */,
				65BE9ED5255FDD5400E7E137 /* StatisticsView.swift in Sources */,
				65BE9EDC255FE48900E7E137 /* ParametersView.swift in Sources */,
				65C0E93A255F2CD3009283B3 /* WateryApp.swift in Sources */,
			);
			runOnlyForDeploymentPostprocessing = 0;
		};
/* End PBXSourcesBuildPhase section */

/* Begin XCBuildConfiguration section */
		65C0E943255F2CD5009283B3 /* Debug */ = {
			isa = XCBuildConfiguration;
			buildSettings = {
				ALWAYS_SEARCH_USER_PATHS = NO;
				CLANG_ANALYZER_NONNULL = YES;
				CLANG_ANALYZER_NUMBER_OBJECT_CONVERSION = YES_AGGRESSIVE;
				CLANG_CXX_LANGUAGE_STANDARD = "gnu++14";
				CLANG_CXX_LIBRARY = "libc++";
				CLANG_ENABLE_MODULES = YES;
				CLANG_ENABLE_OBJC_ARC = YES;
				CLANG_ENABLE_OBJC_WEAK = YES;
				CLANG_WARN_BLOCK_CAPTURE_AUTORELEASING = YES;
				CLANG_WARN_BOOL_CONVERSION = YES;
				CLANG_WARN_COMMA = YES;
				CLANG_WARN_CONSTANT_CONVERSION = YES;
				CLANG_WARN_DEPRECATED_OBJC_IMPLEMENTATIONS = YES;
				CLANG_WARN_DIRECT_OBJC_ISA_USAGE = YES_ERROR;
				CLANG_WARN_DOCUMENTATION_COMMENTS = YES;
				CLANG_WARN_EMPTY_BODY = YES;
				CLANG_WARN_ENUM_CONVERSION = YES;
				CLANG_WARN_INFINITE_RECURSION = YES;
				CLANG_WARN_INT_CONVERSION = YES;
				CLANG_WARN_NON_LITERAL_NULL_CONVERSION = YES;
				CLANG_WARN_OBJC_IMPLICIT_RETAIN_SELF = YES;
				CLANG_WARN_OBJC_LITERAL_CONVERSION = YES;
				CLANG_WARN_OBJC_ROOT_CLASS = YES_ERROR;
				CLANG_WARN_QUOTED_INCLUDE_IN_FRAMEWORK_HEADER = YES;
				CLANG_WARN_RANGE_LOOP_ANALYSIS = YES;
				CLANG_WARN_STRICT_PROTOTYPES = YES;
				CLANG_WARN_SUSPICIOUS_MOVE = YES;
				CLANG_WARN_UNGUARDED_AVAILABILITY = YES_AGGRESSIVE;
				CLANG_WARN_UNREACHABLE_CODE = YES;
				CLANG_WARN__DUPLICATE_METHOD_MATCH = YES;
				COPY_PHASE_STRIP = NO;
				DEBUG_INFORMATION_FORMAT = dwarf;
				ENABLE_STRICT_OBJC_MSGSEND = YES;
				ENABLE_TESTABILITY = YES;
				GCC_C_LANGUAGE_STANDARD = gnu11;
				GCC_DYNAMIC_NO_PIC = NO;
				GCC_NO_COMMON_BLOCKS = YES;
				GCC_OPTIMIZATION_LEVEL = 0;
				GCC_PREPROCESSOR_DEFINITIONS = (
					"DEBUG=1",
					"$(inherited)",
				);
				GCC_WARN_64_TO_32_BIT_CONVERSION = YES;
				GCC_WARN_ABOUT_RETURN_TYPE = YES_ERROR;
				GCC_WARN_UNDECLARED_SELECTOR = YES;
				GCC_WARN_UNINITIALIZED_AUTOS = YES_AGGRESSIVE;
				GCC_WARN_UNUSED_FUNCTION = YES;
				GCC_WARN_UNUSED_VARIABLE = YES;
				IPHONEOS_DEPLOYMENT_TARGET = 14.2;
				MTL_ENABLE_DEBUG_INFO = INCLUDE_SOURCE;
				MTL_FAST_MATH = YES;
				ONLY_ACTIVE_ARCH = YES;
				SDKROOT = iphoneos;
				SWIFT_ACTIVE_COMPILATION_CONDITIONS = DEBUG;
				SWIFT_OPTIMIZATION_LEVEL = "-Onone";
			};
			name = Debug;
		};
		65C0E944255F2CD5009283B3 /* Release */ = {
			isa = XCBuildConfiguration;
			buildSettings = {
				ALWAYS_SEARCH_USER_PATHS = NO;
				CLANG_ANALYZER_NONNULL = YES;
				CLANG_ANALYZER_NUMBER_OBJECT_CONVERSION = YES_AGGRESSIVE;
				CLANG_CXX_LANGUAGE_STANDARD = "gnu++14";
				CLANG_CXX_LIBRARY = "libc++";
				CLANG_ENABLE_MODULES = YES;
				CLANG_ENABLE_OBJC_ARC = YES;
				CLANG_ENABLE_OBJC_WEAK = YES;
				CLANG_WARN_BLOCK_CAPTURE_AUTORELEASING = YES;
				CLANG_WARN_BOOL_CONVERSION = YES;
				CLANG_WARN_COMMA = YES;
				CLANG_WARN_CONSTANT_CONVERSION = YES;
				CLANG_WARN_DEPRECATED_OBJC_IMPLEMENTATIONS = YES;
				CLANG_WARN_DIRECT_OBJC_ISA_USAGE = YES_ERROR;
				CLANG_WARN_DOCUMENTATION_COMMENTS = YES;
				CLANG_WARN_EMPTY_BODY = YES;
				CLANG_WARN_ENUM_CONVERSION = YES;
				CLANG_WARN_INFINITE_RECURSION = YES;
				CLANG_WARN_INT_CONVERSION = YES;
				CLANG_WARN_NON_LITERAL_NULL_CONVERSION = YES;
				CLANG_WARN_OBJC_IMPLICIT_RETAIN_SELF = YES;
				CLANG_WARN_OBJC_LITERAL_CONVERSION = YES;
				CLANG_WARN_OBJC_ROOT_CLASS = YES_ERROR;
				CLANG_WARN_QUOTED_INCLUDE_IN_FRAMEWORK_HEADER = YES;
				CLANG_WARN_RANGE_LOOP_ANALYSIS = YES;
				CLANG_WARN_STRICT_PROTOTYPES = YES;
				CLANG_WARN_SUSPICIOUS_MOVE = YES;
				CLANG_WARN_UNGUARDED_AVAILABILITY = YES_AGGRESSIVE;
				CLANG_WARN_UNREACHABLE_CODE = YES;
				CLANG_WARN__DUPLICATE_METHOD_MATCH = YES;
				COPY_PHASE_STRIP = NO;
				DEBUG_INFORMATION_FORMAT = "dwarf-with-dsym";
				ENABLE_NS_ASSERTIONS = NO;
				ENABLE_STRICT_OBJC_MSGSEND = YES;
				GCC_C_LANGUAGE_STANDARD = gnu11;
				GCC_NO_COMMON_BLOCKS = YES;
				GCC_WARN_64_TO_32_BIT_CONVERSION = YES;
				GCC_WARN_ABOUT_RETURN_TYPE = YES_ERROR;
				GCC_WARN_UNDECLARED_SELECTOR = YES;
				GCC_WARN_UNINITIALIZED_AUTOS = YES_AGGRESSIVE;
				GCC_WARN_UNUSED_FUNCTION = YES;
				GCC_WARN_UNUSED_VARIABLE = YES;
				IPHONEOS_DEPLOYMENT_TARGET = 14.2;
				MTL_ENABLE_DEBUG_INFO = NO;
				MTL_FAST_MATH = YES;
				SDKROOT = iphoneos;
				SWIFT_COMPILATION_MODE = wholemodule;
				SWIFT_OPTIMIZATION_LEVEL = "-O";
				VALIDATE_PRODUCT = YES;
			};
			name = Release;
		};
		65C0E946255F2CD5009283B3 /* Debug */ = {
			isa = XCBuildConfiguration;
			buildSettings = {
				ASSETCATALOG_COMPILER_APPICON_NAME = AppIcon;
				ASSETCATALOG_COMPILER_GLOBAL_ACCENT_COLOR_NAME = AccentColor;
				CODE_SIGN_STYLE = Automatic;
				DEVELOPMENT_ASSET_PATHS = "\"Watery/Preview Content\"";
				DEVELOPMENT_TEAM = 7B7W3G73DG;
				ENABLE_PREVIEWS = YES;
				INFOPLIST_FILE = Watery/Info.plist;
				IPHONEOS_DEPLOYMENT_TARGET = 14.0;
				LD_RUNPATH_SEARCH_PATHS = (
					"$(inherited)",
					"@executable_path/Frameworks",
				);
				PRODUCT_BUNDLE_IDENTIFIER = com.danieldaehling.Watery;
				PRODUCT_NAME = "$(TARGET_NAME)";
				SWIFT_VERSION = 5.0;
				TARGETED_DEVICE_FAMILY = "1,2";
			};
			name = Debug;
		};
		65C0E947255F2CD5009283B3 /* Release */ = {
			isa = XCBuildConfiguration;
			buildSettings = {
				ASSETCATALOG_COMPILER_APPICON_NAME = AppIcon;
				ASSETCATALOG_COMPILER_GLOBAL_ACCENT_COLOR_NAME = AccentColor;
				CODE_SIGN_STYLE = Automatic;
				DEVELOPMENT_ASSET_PATHS = "\"Watery/Preview Content\"";
				DEVELOPMENT_TEAM = 7B7W3G73DG;
				ENABLE_PREVIEWS = YES;
				INFOPLIST_FILE = Watery/Info.plist;
				IPHONEOS_DEPLOYMENT_TARGET = 14.0;
				LD_RUNPATH_SEARCH_PATHS = (
					"$(inherited)",
					"@executable_path/Frameworks",
				);
				PRODUCT_BUNDLE_IDENTIFIER = com.danieldaehling.Watery;
				PRODUCT_NAME = "$(TARGET_NAME)";
				SWIFT_VERSION = 5.0;
				TARGETED_DEVICE_FAMILY = "1,2";
			};
			name = Release;
		};
/* End XCBuildConfiguration section */

/* Begin XCConfigurationList section */
		65C0E931255F2CD3009283B3 /* Build configuration list for PBXProject "Watery" */ = {
			isa = XCConfigurationList;
			buildConfigurations = (
				65C0E943255F2CD5009283B3 /* Debug */,
				65C0E944255F2CD5009283B3 /* Release */,
			);
			defaultConfigurationIsVisible = 0;
			defaultConfigurationName = Release;
		};
		65C0E945255F2CD5009283B3 /* Build configuration list for PBXNativeTarget "Watery" */ = {
			isa = XCConfigurationList;
			buildConfigurations = (
				65C0E946255F2CD5009283B3 /* Debug */,
				65C0E947255F2CD5009283B3 /* Release */,
			);
			defaultConfigurationIsVisible = 0;
			defaultConfigurationName = Release;
		};
/* End XCConfigurationList section */

/* Begin XCRemoteSwiftPackageReference section */
		65BE9EE1255FE7E300E7E137 /* XCRemoteSwiftPackageReference "swift-composable-architecture" */ = {
			isa = XCRemoteSwiftPackageReference;
			repositoryURL = "https://github.com/pointfreeco/swift-composable-architecture";
			requirement = {
				kind = upToNextMajorVersion;
				minimumVersion = 0.9.0;
			};
		};
/* End XCRemoteSwiftPackageReference section */

/* Begin XCSwiftPackageProductDependency section */
		65BE9EE2255FE7E300E7E137 /* ComposableArchitecture */ = {
			isa = XCSwiftPackageProductDependency;
			package = 65BE9EE1255FE7E300E7E137 /* XCRemoteSwiftPackageReference "swift-composable-architecture" */;
			productName = ComposableArchitecture;
		};
/* End XCSwiftPackageProductDependency section */
	};
	rootObject = 65C0E92E255F2CD3009283B3 /* Project object */;
}
